
Microsoft Visual Studio Solution File, Format Version 12.00
# Visual Studio Version 17
VisualStudioVersion = 17.3.32811.315
MinimumVisualStudioVersion = 10.0.40219.1
Project("{FAE04EC0-301F-11D3-BF4B-00C04F79EFBC}") = "ProjetoBase", "ProjetoBase\ProjetoBase.csproj", "{9F44F1A5-17E6-4885-A1BC-DC9B7EF2E847}"
EndProject
Global
	GlobalSection(SolutionConfigurationPlatforms) = preSolution
		Debug|Any CPU = Debug|Any CPU
		Release|Any CPU = Release|Any CPU
	EndGlobalSection
	GlobalSection(ProjectConfigurationPlatforms) = postSolution
		{9F44F1A5-17E6-4885-A1BC-DC9B7EF2E847}.Debug|Any CPU.ActiveCfg = Debug|Any CPU
		{9F44F1A5-17E6-4885-A1BC-DC9B7EF2E847}.Debug|Any CPU.Build.0 = Debug|Any CPU
		{9F44F1A5-17E6-4885-A1BC-DC9B7EF2E847}.Release|Any CPU.ActiveCfg = Release|Any CPU
		{9F44F1A5-17E6-4885-A1BC-DC9B7EF2E847}.Release|Any CPU.Build.0 = Release|Any CPU
	EndGlobalSection
	GlobalSection(SolutionProperties) = preSolution
		HideSolutionNode = FALSE
	EndGlobalSection
	GlobalSection(ExtensibilityGlobals) = postSolution
		SolutionGuid = {ECC4E16D-7238-48F2-8CC4-0228F00EA78F}
	EndGlobalSection
EndGlobal
